# THIS IS AN AUTOGENERATED FILE. DO NOT EDIT THIS FILE DIRECTLY.
# yarn lockfile v1


electron-as-browser@^1.0.0:
  version "1.0.0"
  resolved "https://registry.yarnpkg.com/electron-as-browser/-/electron-as-browser-1.0.0.tgz#8c2f5a546703ee16b693244b58b292f71928776b"
  integrity sha512-TSlCIbn85+2GCFj8t3D7lc0C0CT88xoQSXEfpt87h47sYwu+csgb4BkmbCGNxDpEyBzYdHVewSVNv4QfSb1MEw==
  dependencies:
    electron-log "^3.0.7"

electron-log@^3.0.7:
  version "3.0.9"
  resolved "https://registry.yarnpkg.com/electron-log/-/electron-log-3.0.9.tgz#53ff1fcdb2f3e4a73ea7096d2f7204121109ec6f"
  integrity sha512-kfV4riUqW8uooYLAfrlB3EJW66W29ePipJU4/Fm8UxQekVNcR2qHI/0tiJX3oWM79VdAUiiYqL9V49lhnSIO8g==
